
Microsoft Visual Studio Solution File, Format Version 12.00
# Visual Studio 15
Project("{FAE04EC0-301F-11D3-BF4B-00C04F79EFBC}") = "Assembly-CSharp", "Assembly-CSharp.csproj", "{65B2B3B3-3FE5-60D1-AB86-F504278F4CC7}"
EndProject
Project("{FAE04EC0-301F-11D3-BF4B-00C04F79EFBC}") = "PhotonUnityNetworking.Demos", "PhotonUnityNetworking.Demos.csproj", "{F7E5B145-B342-4797-0902-C4007F980675}"
EndProject
Project("{FAE04EC0-301F-11D3-BF4B-00C04F79EFBC}") = "PhotonRealtime", "PhotonRealtime.csproj", "{699C417C-601F-67DC-08D4-DEE65EDFFBF9}"
EndProject
Project("{FAE04EC0-301F-11D3-BF4B-00C04F79EFBC}") = "PhotonUnityNetworking", "PhotonUnityNetworking.csproj", "{0F50015E-DE64-B4BA-2D7C-C9CA4C6C58CC}"
EndProject
Project("{FAE04EC0-301F-11D3-BF4B-00C04F79EFBC}") = "PhotonUnityNetworking.Utilities", "PhotonUnityNetworking.Utilities.csproj", "{C15AA36B-B8A1-4CBB-0249-7F1FFA96D426}"
EndProject
Project("{FAE04EC0-301F-11D3-BF4B-00C04F79EFBC}") = "PhotonChat", "PhotonChat.csproj", "{D14E9932-D76C-E41C-210C-4AC4C61AB310}"
EndProject
Project("{FAE04EC0-301F-11D3-BF4B-00C04F79EFBC}") = "PhotonUnityNetworking.Editor", "PhotonUnityNetworking.Editor.csproj", "{38CC1F33-E6B9-0901-BBE3-C1E8A85D682A}"
EndProject
Project("{FAE04EC0-301F-11D3-BF4B-00C04F79EFBC}") = "PhotonUnityNetworking.Utilities.PhotonPlayer.Editor", "PhotonUnityNetworking.Utilities.PhotonPlayer.Editor.csproj", "{C1B3073F-D1DE-3F30-1EF7-B3B09B8D0081}"
EndProject
Project("{FAE04EC0-301F-11D3-BF4B-00C04F79EFBC}") = "PunDemos.DemoSlotcarEditor", "PunDemos.DemoSlotcarEditor.csproj", "{F81A99F7-945C-5A4D-FD78-0131879CC51E}"
EndProject
Project("{FAE04EC0-301F-11D3-BF4B-00C04F79EFBC}") = "PhotonUnityNetworking.Utilities.Culling.Editor", "PhotonUnityNetworking.Utilities.Culling.Editor.csproj", "{4E6E61B2-461D-AD12-0A7F-84EC52218E65}"
EndProject
Project("{FAE04EC0-301F-11D3-BF4B-00C04F79EFBC}") = "PunDemos.DemoHubEditor", "PunDemos.DemoHubEditor.csproj", "{1C728157-7C97-C722-9BE1-C0E837DE7ACF}"
EndProject
Project("{FAE04EC0-301F-11D3-BF4B-00C04F79EFBC}") = "Assembly-CSharp-Editor", "Assembly-CSharp-Editor.csproj", "{C18A0B50-9231-751A-45BF-0046CA0DE7C8}"
EndProject
Global
	GlobalSection(SolutionConfigurationPlatforms) = preSolution
		Debug|Any CPU = Debug|Any CPU
		Release|Any CPU = Release|Any CPU
	EndGlobalSection
	GlobalSection(ProjectConfigurationPlatforms) = postSolution
		{65B2B3B3-3FE5-60D1-AB86-F504278F4CC7}.Debug|Any CPU.ActiveCfg = Debug|Any CPU
		{65B2B3B3-3FE5-60D1-AB86-F504278F4CC7}.Debug|Any CPU.Build.0 = Debug|Any CPU
		{65B2B3B3-3FE5-60D1-AB86-F504278F4CC7}.Release|Any CPU.ActiveCfg = Release|Any CPU
		{65B2B3B3-3FE5-60D1-AB86-F504278F4CC7}.Release|Any CPU.Build.0 = Release|Any CPU
		{F7E5B145-B342-4797-0902-C4007F980675}.Debug|Any CPU.ActiveCfg = Debug|Any CPU
		{F7E5B145-B342-4797-0902-C4007F980675}.Debug|Any CPU.Build.0 = Debug|Any CPU
		{F7E5B145-B342-4797-0902-C4007F980675}.Release|Any CPU.ActiveCfg = Release|Any CPU
		{F7E5B145-B342-4797-0902-C4007F980675}.Release|Any CPU.Build.0 = Release|Any CPU
		{699C417C-601F-67DC-08D4-DEE65EDFFBF9}.Debug|Any CPU.ActiveCfg = Debug|Any CPU
		{699C417C-601F-67DC-08D4-DEE65EDFFBF9}.Debug|Any CPU.Build.0 = Debug|Any CPU
		{699C417C-601F-67DC-08D4-DEE65EDFFBF9}.Release|Any CPU.ActiveCfg = Release|Any CPU
		{699C417C-601F-67DC-08D4-DEE65EDFFBF9}.Release|Any CPU.Build.0 = Release|Any CPU
		{0F50015E-DE64-B4BA-2D7C-C9CA4C6C58CC}.Debug|Any CPU.ActiveCfg = Debug|Any CPU
		{0F50015E-DE64-B4BA-2D7C-C9CA4C6C58CC}.Debug|Any CPU.Build.0 = Debug|Any CPU
		{0F50015E-DE64-B4BA-2D7C-C9CA4C6C58CC}.Release|Any CPU.ActiveCfg = Release|Any CPU
		{0F50015E-DE64-B4BA-2D7C-C9CA4C6C58CC}.Release|Any CPU.Build.0 = Release|Any CPU
		{C15AA36B-B8A1-4CBB-0249-7F1FFA96D426}.Debug|Any CPU.ActiveCfg = Debug|Any CPU
		{C15AA36B-B8A1-4CBB-0249-7F1FFA96D426}.Debug|Any CPU.Build.0 = Debug|Any CPU
		{C15AA36B-B8A1-4CBB-0249-7F1FFA96D426}.Release|Any CPU.ActiveCfg = Release|Any CPU
		{C15AA36B-B8A1-4CBB-0249-7F1FFA96D426}.Release|Any CPU.Build.0 = Release|Any CPU
		{D14E9932-D76C-E41C-210C-4AC4C61AB310}.Debug|Any CPU.ActiveCfg = Debug|Any CPU
		{D14E9932-D76C-E41C-210C-4AC4C61AB310}.Debug|Any CPU.Build.0 = Debug|Any CPU
		{D14E9932-D76C-E41C-210C-4AC4C61AB310}.Release|Any CPU.ActiveCfg = Release|Any CPU
		{D14E9932-D76C-E41C-210C-4AC4C61AB310}.Release|Any CPU.Build.0 = Release|Any CPU
		{38CC1F33-E6B9-0901-BBE3-C1E8A85D682A}.Debug|Any CPU.ActiveCfg = Debug|Any CPU
		{38CC1F33-E6B9-0901-BBE3-C1E8A85D682A}.Debug|Any CPU.Build.0 = Debug|Any CPU
		{38CC1F33-E6B9-0901-BBE3-C1E8A85D682A}.Release|Any CPU.ActiveCfg = Release|Any CPU
		{38CC1F33-E6B9-0901-BBE3-C1E8A85D682A}.Release|Any CPU.Build.0 = Release|Any CPU
		{C1B3073F-D1DE-3F30-1EF7-B3B09B8D0081}.Debug|Any CPU.ActiveCfg = Debug|Any CPU
		{C1B3073F-D1DE-3F30-1EF7-B3B09B8D0081}.Debug|Any CPU.Build.0 = Debug|Any CPU
		{C1B3073F-D1DE-3F30-1EF7-B3B09B8D0081}.Release|Any CPU.ActiveCfg = Release|Any CPU
		{C1B3073F-D1DE-3F30-1EF7-B3B09B8D0081}.Release|Any CPU.Build.0 = Release|Any CPU
		{F81A99F7-945C-5A4D-FD78-0131879CC51E}.Debug|Any CPU.ActiveCfg = Debug|Any CPU
		{F81A99F7-945C-5A4D-FD78-0131879CC51E}.Debug|Any CPU.Build.0 = Debug|Any CPU
		{F81A99F7-945C-5A4D-FD78-0131879CC51E}.Release|Any CPU.ActiveCfg = Release|Any CPU
		{F81A99F7-945C-5A4D-FD78-0131879CC51E}.Release|Any CPU.Build.0 = Release|Any CPU
		{4E6E61B2-461D-AD12-0A7F-84EC52218E65}.Debug|Any CPU.ActiveCfg = Debug|Any CPU
		{4E6E61B2-461D-AD12-0A7F-84EC52218E65}.Debug|Any CPU.Build.0 = Debug|Any CPU
		{4E6E61B2-461D-AD12-0A7F-84EC52218E65}.Release|Any CPU.ActiveCfg = Release|Any CPU
		{4E6E61B2-461D-AD12-0A7F-84EC52218E65}.Release|Any CPU.Build.0 = Release|Any CPU
		{1C728157-7C97-C722-9BE1-C0E837DE7ACF}.Debug|Any CPU.ActiveCfg = Debug|Any CPU
		{1C728157-7C97-C722-9BE1-C0E837DE7ACF}.Debug|Any CPU.Build.0 = Debug|Any CPU
		{1C728157-7C97-C722-9BE1-C0E837DE7ACF}.Release|Any CPU.ActiveCfg = Release|Any CPU
		{1C728157-7C97-C722-9BE1-C0E837DE7ACF}.Release|Any CPU.Build.0 = Release|Any CPU
		{C18A0B50-9231-751A-45BF-0046CA0DE7C8}.Debug|Any CPU.ActiveCfg = Debug|Any CPU
		{C18A0B50-9231-751A-45BF-0046CA0DE7C8}.Debug|Any CPU.Build.0 = Debug|Any CPU
		{C18A0B50-9231-751A-45BF-0046CA0DE7C8}.Release|Any CPU.ActiveCfg = Release|Any CPU
		{C18A0B50-9231-751A-45BF-0046CA0DE7C8}.Release|Any CPU.Build.0 = Release|Any CPU
	EndGlobalSection
	GlobalSection(SolutionProperties) = preSolution
		HideSolutionNode = FALSE
	EndGlobalSection
EndGlobal
